# This file is automatically @generated by Cargo.
# It is not intended for manual editing.
version = 3

[[package]]
name = "advapi32-sys"
version = "0.1.2"
source = "registry+https://github.com/rust-lang/crates.io-index"
checksum = "307c92332867e586720c0222ee9d890bbe8431711efed8a1b06bc5b40fc66bd7"
dependencies = [
 "winapi",
 "winapi-build",
]

[[package]]
name = "android_glue"
version = "0.0.2"
source = "registry+https://github.com/rust-lang/crates.io-index"
checksum = "450953475fc22fdf383e19deb6f9d40d6e9cefeb3a1efba01a08d8fc3e83aada"

[[package]]
name = "bitflags"
version = "0.1.1"
source = "registry+https://github.com/rust-lang/crates.io-index"
checksum = "2a6577517ecd0ee0934f48a7295a89aaef3e6dfafeac404f94c0b3448518ddfe"

[[package]]
name = "bitflags"
version = "0.2.1"
source = "registry+https://github.com/rust-lang/crates.io-index"
checksum = "a41f80ec2e140d19e789764fdf22d0f2da98fe7e55d26f99db59cb3d2605d327"

[[package]]
name = "bitflags"
version = "0.3.2"
source = "registry+https://github.com/rust-lang/crates.io-index"
checksum = "65fee84cb17ca0b1f86b3870caad42a966b58366caed5a1651c6eb7f415ac545"

[[package]]
name = "byteorder"
version = "0.3.11"
source = "registry+https://github.com/rust-lang/crates.io-index"
checksum = "59061d57df2d76a3365e1343897635bd64272137624f1062eb808b13b62d2bd5"

[[package]]
name = "cgl"
version = "0.1.0"
source = "registry+https://github.com/rust-lang/crates.io-index"
checksum = "158f3c3bb59a10625079f4c16aaa301be684d8a82816e373aa0b7c2784dc7732"
dependencies = [
 "gleam",
 "libc",
]

[[package]]
name = "clock_ticks"
version = "0.0.6"
source = "registry+https://github.com/rust-lang/crates.io-index"
checksum = "af2a00c56fb3ca01175086cecb8e87142744ee29c4ec8b504b81ce8557cdb1d9"
dependencies = [
 "libc",
]

[[package]]
name = "cocoa"
version = "0.1.3"
source = "registry+https://github.com/rust-lang/crates.io-index"
checksum = "192e97358353c038268f048dd338929d24a93a0f7fb5945ff4a870aabefd2cde"
dependencies = [
 "bitflags 0.1.1",
 "core-graphics",
 "libc",
 "objc",
]

[[package]]
name = "color_quant"
version = "1.0.0"
source = "registry+https://github.com/rust-lang/crates.io-index"
checksum = "a475fc4af42d83d28adf72968d9bcfaf035a1a9381642d8e85d8a04957767b0d"

[[package]]
name = "core-foundation"
version = "0.1.0"
source = "registry+https://github.com/rust-lang/crates.io-index"
checksum = "f45c50f4080d6f923cbb5097409dc2c8927bd9c188e83b98e9f319cf7dbaaf38"
dependencies = [
 "libc",
]

[[package]]
name = "core-graphics"
version = "0.1.0"
source = "registry+https://github.com/rust-lang/crates.io-index"
checksum = "6755d94f4aeab1d6a7d05c99f11999169ca74e386a267a40cbcce5f186904289"
dependencies = [
 "core-foundation",
 "libc",
]

[[package]]
name = "draw_state"
version = "0.1.2"
source = "registry+https://github.com/rust-lang/crates.io-index"
checksum = "53527a32cf8e5e5768f530b8b19ae68be908510b596d416e2c6ca4bdb0ea39b9"
dependencies = [
 "bitflags 0.2.1",
]

[[package]]
name = "dwmapi-sys"
version = "0.1.0"
source = "registry+https://github.com/rust-lang/crates.io-index"
checksum = "07c4c7cc7b396419bc0a4d90371d0cee16cb5053b53647d287c0b728000c41fe"
dependencies = [
 "winapi",
 "winapi-build",
]

[[package]]
name = "dylib"
version = "0.0.1"
source = "registry+https://github.com/rust-lang/crates.io-index"
checksum = "cdff070fc467d71f23c5ac5ebfa0867e8f31146ef529b777723e8cba815e47ae"
dependencies = [
 "libc",
]

[[package]]
name = "enum_primitive"
version = "0.0.1"
source = "registry+https://github.com/rust-lang/crates.io-index"
checksum = "018bcb92595d1ef459a6aa3ab89b7d4b524f15d51d4af3d4d17707f582baf5dd"
dependencies = [
 "num",
]

[[package]]
name = "freetype-rs"
version = "0.1.3"
source = "registry+https://github.com/rust-lang/crates.io-index"
checksum = "5c151dc77529ad79f5ad0c586348001639d1aa44ab461e6c3f168f0fdbabdc6a"
dependencies = [
 "bitflags 0.1.1",
 "freetype-sys",
 "libc",
]

[[package]]
name = "freetype-sys"
version = "0.1.2"
source = "registry+https://github.com/rust-lang/crates.io-index"
checksum = "8240f793bb45b01aaba73bc30e3ce9282e4a6f919b90087e5cf150a54b8ce3e8"
dependencies = [
 "libc",
 "libz-sys",
 "pkg-config",
]

[[package]]
name = "game"
version = "0.1.0"
dependencies = [
 "piston_window",
]

[[package]]
name = "gcc"
version = "0.3.13"
source = "registry+https://github.com/rust-lang/crates.io-index"
checksum = "c817753e9a6ff928e71f62f5eb73478b1809b146ae0d2f5465be3bd1a8382579"
dependencies = [
 "advapi32-sys",
 "winapi",
]

[[package]]
name = "gdi32-sys"
version = "0.1.1"
source = "registry+https://github.com/rust-lang/crates.io-index"
checksum = "65256ec4dc2592e6f05bfc1ca3b956a4e0698aa90b1dff1f5687d55a5a3fd59a"
dependencies = [
 "winapi",
]

[[package]]
name = "gfx"
version = "0.6.5"
source = "registry+https://github.com/rust-lang/crates.io-index"
checksum = "62dfa58baa21e1a2ff5e259686ce2a27cbe00ff8b7ba7950110e01508be32bfd"
dependencies = [
 "bitflags 0.1.1",
 "draw_state",
 "log",
 "num",
]

[[package]]
name = "gfx_device_gl"
version = "0.4.1"
source = "registry+https://github.com/rust-lang/crates.io-index"
checksum = "7d1b35d07055febe2bf7f78b6ef7d8e2e467082bbdaed37116a64b19fed5860a"
dependencies = [
 "gfx",
 "gfx_gl",
 "libc",
 "log",
]

[[package]]
name = "gfx_gl"
version = "0.1.4"
source = "registry+https://github.com/rust-lang/crates.io-index"
checksum = "4f36fa225b620daca5f6e633ef21ef30fcac226d6cca2208389fd5d843e10c27"
dependencies = [
 "gl_common",
 "gl_generator 0.0.27",
 "khronos_api 0.0.8",
 "libc",
]

[[package]]
name = "gif"
version = "0.5.0"
source = "registry+https://github.com/rust-lang/crates.io-index"
checksum = "ba648396a027fb748cf929be8a0f54357be6ea37884fc0ccbd1c2d177519427b"
dependencies = [
 "color_quant",
 "lzw",
]

[[package]]
name = "gl"
version = "0.0.12"
source = "registry+https://github.com/rust-lang/crates.io-index"
checksum = "0848143de23ce1ba1514b08f79167a2cd88a851f078cb6b2cee50be0586bedd4"
dependencies = [
 "gl_common",
 "gl_generator 0.0.27",
 "khronos_api 0.0.5",
 "libc",
]

[[package]]
name = "gl_common"
version = "0.0.4"
source = "registry+https://github.com/rust-lang/crates.io-index"
checksum = "3ba460213e550ba83578eaf7befe798a2f634071dfd491839148594659de43c1"
dependencies = [
 "libc",
]

[[package]]
name = "gl_generator"
version = "0.0.26"
source = "registry+https://github.com/rust-lang/crates.io-index"
checksum = "65792b1336ae29a78e06255981bab80a4950720c1c595a95d935fd0e95d12214"
dependencies = [
 "khronos_api 0.0.8",
 "log",
 "xml-rs",
]

[[package]]
name = "gl_generator"
version = "0.0.27"
source = "registry+https://github.com/rust-lang/crates.io-index"
checksum = "1a69aa8e4d8a5f4cb4b66f01519365370b560b41fb49ca14cdd70cf964a2dccd"
dependencies = [
 "khronos_api 0.0.8",
 "log",
 "xml-rs",
]

[[package]]
name = "gleam"
version = "0.1.9"
source = "registry+https://github.com/rust-lang/crates.io-index"
checksum = "738e8c76a8661d81b2d5a9d9407bf0d71e5924e6f55423836a02a5c1b2420757"
dependencies = [
 "gl_common",
 "gl_generator 0.0.27",
 "khronos_api 0.0.8",
 "libc",
]

[[package]]
name = "glob"
version = "0.2.10"
source = "registry+https://github.com/rust-lang/crates.io-index"
checksum = "eb4d47ed2ef6a2600c4f7d81b66aa6b54538b3feae0582ffb918773fcb89408b"

[[package]]
name = "glutin"
version = "0.3.4"
source = "registry+https://github.com/rust-lang/crates.io-index"
checksum = "20e193c24e8f7fe5394662d03e641fdcd52c93866b3be9f18c96c8906e6af5bc"
dependencies = [
 "android_glue",
 "cgl",
 "cocoa",
 "core-foundation",
 "core-graphics",
 "dwmapi-sys",
 "gdi32-sys",
 "gl_common",
 "gl_generator 0.0.26",
 "kernel32-sys",
 "khronos_api 0.0.7",
 "lazy_static",
 "libc",
 "objc",
 "osmesa-sys",
 "shared_library",
 "shell32-sys",
 "user32-sys",
 "wayland-client",
 "wayland-kbd",
 "winapi",
 "x11-dl",
]

[[package]]
name = "image"
version = "0.3.11"
source = "registry+https://github.com/rust-lang/crates.io-index"
checksum = "d054e56e18188b14b9342caafa604971bdb458f1acc4a902b3e88d2c1860f2d4"
dependencies = [
 "byteorder",
 "enum_primitive",
 "gif",
 "glob",
 "num",
]

[[package]]
name = "interpolation"
version = "0.1.0"
source = "registry+https://github.com/rust-lang/crates.io-index"
checksum = "84e53e2877f735534c2d3cdbb5ba1d04ee11107f599a1e811ab0ff3dd93fe66e"

[[package]]
name = "kernel32-sys"
version = "0.1.3"
source = "registry+https://github.com/rust-lang/crates.io-index"
checksum = "8d3c584cd472a3db1f7131e33fb36defba1b575e390500aaa99cdcf6ae47c341"
dependencies = [
 "winapi",
 "winapi-build",
]

[[package]]
name = "khronos_api"
version = "0.0.5"
source = "registry+https://github.com/rust-lang/crates.io-index"
checksum = "c6b4ae2b878c78567b55a1f26902dc17195c833e569ac1308d72cd9dd8b49985"

[[package]]
name = "khronos_api"
version = "0.0.7"
source = "registry+https://github.com/rust-lang/crates.io-index"
checksum = "9e623bb7be2f86597a1b474748f3b91f971ed91f79521e8ec41e826c94cea91c"

[[package]]
name = "khronos_api"
version = "0.0.8"
source = "registry+https://github.com/rust-lang/crates.io-index"
checksum = "292227cfb1e811f7e974c427753fc8539394c6370a6849899306eedf2a478579"

[[package]]
name = "lazy_static"
version = "0.1.14"
source = "registry+https://github.com/rust-lang/crates.io-index"
checksum = "466e07dc490cbe19e7fa72d78334581fad0a68083ea72ff0a95b0fbddd664536"

[[package]]
name = "libc"
version = "0.1.8"
source = "registry+https://github.com/rust-lang/crates.io-index"
checksum = "a64b9ad3eea69f6f43b87c07c0534505a68c8834ad4c6bad4089de15e45cec83"

[[package]]
name = "libz-sys"
version = "0.1.7"
source = "registry+https://github.com/rust-lang/crates.io-index"
checksum = "d17c47a36190579f0ed158fe92a7d60f4272f5af2dc4cbbedf852484f5c3c456"
dependencies = [
 "gcc",
 "libc",
 "pkg-config",
]

[[package]]
name = "log"
version = "0.3.1"
source = "registry+https://github.com/rust-lang/crates.io-index"
checksum = "d2ee3324e161fe61168b08bcd096f1e023d14f0777a076ba14d1825ea3b99d40"
dependencies = [
 "libc",
]

[[package]]
name = "lzw"
version = "0.8.0"
source = "registry+https://github.com/rust-lang/crates.io-index"
checksum = "6c2f40d7948abf9bc9be344c4f7ece32c76c6305985766c5ca83e726cfa428f8"

[[package]]
name = "malloc_buf"
version = "0.0.5"
source = "registry+https://github.com/rust-lang/crates.io-index"
checksum = "e7ce33e1b826b2a867e1d19df32641edb5e5bf5b3a934c11c922e27394d3e84a"
dependencies = [
 "libc",
]

[[package]]
name = "mmap"
version = "0.1.1"
source = "registry+https://github.com/rust-lang/crates.io-index"
checksum = "0bc85448a6006dd2ba26a385a564a8a0f1f2c7e78c70f1a70b2e0f4af286b823"
dependencies = [
 "libc",
 "tempdir",
]

[[package]]
name = "num"
version = "0.1.26"
source = "registry+https://github.com/rust-lang/crates.io-index"
checksum = "c26605622fbf3e3f5fffb8eb5d659fbe8785e39ea89192f6734dbaeb56cc337f"
dependencies = [
 "rand",
 "rustc-serialize",
]

[[package]]
name = "objc"
version = "0.1.6"
source = "registry+https://github.com/rust-lang/crates.io-index"
checksum = "30df687dc161e9a9a0ea928ea6a05f551a59671d6d842e034a482e13d2c8bbf7"
dependencies = [
 "libc",
 "malloc_buf",
]

[[package]]
name = "osmesa-sys"
version = "0.0.5"
source = "registry+https://github.com/rust-lang/crates.io-index"
checksum = "e25c2d8d70fa255d45c280df2c6c22c89cca2b2bbb98a11f223d7cd5d5c5369d"
dependencies = [
 "libc",
 "shared_library",
]

[[package]]
name = "piston"
version = "0.5.0"
source = "registry+https://github.com/rust-lang/crates.io-index"
checksum = "36dcbbbf06d570998dc11f606c1938fdb7a8e432ff2cf6edf82538ad0e1db88e"
dependencies = [
 "pistoncore-event_loop",
 "pistoncore-input",
 "pistoncore-window",
]

[[package]]
name = "piston-float"
version = "0.1.0"
source = "registry+https://github.com/rust-lang/crates.io-index"
checksum = "3e7fa4cc74c99b217b996406652ab02fe5232f8c93664d28d31a91f8963e312f"

[[package]]
name = "piston-gfx_texture"
version = "0.2.0"
source = "registry+https://github.com/rust-lang/crates.io-index"
checksum = "873ea1dc7a91bb6b8d50ef39a0015ebf2f595b11bf8405d767e576dd02980f63"
dependencies = [
 "gfx",
 "image",
 "piston-texture",
]

[[package]]
name = "piston-shaders_graphics2d"
version = "0.1.0"
source = "registry+https://github.com/rust-lang/crates.io-index"
checksum = "183714952053aa9f534a26117d23b951f01060367bc15e678c675741c5117dde"

[[package]]
name = "piston-texture"
version = "0.2.2"
source = "registry+https://github.com/rust-lang/crates.io-index"
checksum = "4491887004db39cd240bb0cbe6038a6ae9a76cf3a3fb82c2574a8184fcb78dfd"

[[package]]
name = "piston-viewport"
version = "0.1.0"
source = "registry+https://github.com/rust-lang/crates.io-index"
checksum = "f6649cffa7a283070893781750160db0a2f6e79e80cc72ac7ccdc4a272b3ee06"
dependencies = [
 "piston-float",
]

[[package]]
name = "piston2d-gfx_graphics"
version = "0.4.0"
source = "registry+https://github.com/rust-lang/crates.io-index"
checksum = "d019a24da38c3971f92e0c7bcff053693a2b358cf76b94fa6cbc50df689eb0eb"
dependencies = [
 "freetype-rs",
 "gfx",
 "piston-gfx_texture",
 "piston-shaders_graphics2d",
 "piston2d-graphics",
]

[[package]]
name = "piston2d-graphics"
version = "0.4.1"
source = "registry+https://github.com/rust-lang/crates.io-index"
checksum = "2bab6833168ea35912a420071307e3cad6d9ce96777bb3b9a6039812513aa61c"
dependencies = [
 "draw_state",
 "interpolation",
 "num",
 "piston-texture",
 "piston-viewport",
 "read_color",
 "vecmath",
]

[[package]]
name = "piston_window"
version = "0.11.1"
source = "registry+https://github.com/rust-lang/crates.io-index"
checksum = "ff3e20342e3e18b8bf246a30baa0d87ea55d317cd367c484257d3a587f7a4782"
dependencies = [
 "gfx",
 "gfx_device_gl",
 "piston",
 "piston2d-gfx_graphics",
 "piston2d-graphics",
 "pistoncore-glutin_window",
 "shader_version",
]

[[package]]
name = "pistoncore-event_loop"
version = "0.5.0"
source = "registry+https://github.com/rust-lang/crates.io-index"
checksum = "3dad23753c50ef9f0dadfc5a921da41246698e38c1f5e74390c29f77eb5f6668"
dependencies = [
 "clock_ticks",
 "piston-viewport",
 "pistoncore-input",
 "pistoncore-window",
]

[[package]]
name = "pistoncore-glutin_window"
version = "0.7.1"
source = "registry+https://github.com/rust-lang/crates.io-index"
checksum = "6340d2cfa98d7a9eb283b6f3b4653b8995ab0122c143e4ecef27a03f65909e17"
dependencies = [
 "gl",
 "glutin",
 "pistoncore-input",
 "pistoncore-window",
 "shader_version",
]

[[package]]
name = "pistoncore-input"
version = "0.3.1"
source = "registry+https://github.com/rust-lang/crates.io-index"
checksum = "94719dcbbc55bc6491613061ffdbfc430e05851fa4ddabbf94830dee58fa669c"
dependencies = [
 "bitflags 0.3.2",
 "num",
 "piston-viewport",
 "rustc-serialize",
]

[[package]]
name = "pistoncore-window"
version = "0.4.0"
source = "registry+https://github.com/rust-lang/crates.io-index"
checksum = "a0ed65335abe2dedea9b28ed5541adb636021ba5697c07cb1a14726e1414cdca"
dependencies = [
 "libc",
 "pistoncore-input",
 "shader_version",
]

[[package]]
name = "pkg-config"
version = "0.3.5"
source = "registry+https://github.com/rust-lang/crates.io-index"
checksum = "71048206ec7132fc63b492abfec77a7a66059ed2b5fbbff59ac16a7b4a2cc495"

[[package]]
name = "rand"
version = "0.3.9"
source = "registry+https://github.com/rust-lang/crates.io-index"
checksum = "275425710294d2715a1896b965fb02648745dbfac7ed3b39d5d30d6522d3d7ec"
dependencies = [
 "advapi32-sys",
 "libc",
 "winapi",
]

[[package]]
name = "read_color"
version = "0.1.0"
source = "registry+https://github.com/rust-lang/crates.io-index"
checksum = "682bfa200630193df2954f2632b690c4643563fd6abc575edc1239bcfe57ad83"

[[package]]
name = "rustc-serialize"
version = "0.3.15"
source = "registry+https://github.com/rust-lang/crates.io-index"
checksum = "baa1d9cc07eb702f9229bc9353443000debfe346d2c53b54c9ee9307234525f2"

[[package]]
name = "shader_version"
version = "0.2.0"
source = "registry+https://github.com/rust-lang/crates.io-index"
checksum = "ffa2421b516f872a75af691c0e7b6f67b8634b246dabcb155ef93909171b990e"

[[package]]
name = "shared_library"
version = "0.1.0"
source = "registry+https://github.com/rust-lang/crates.io-index"
checksum = "43d1282af7263edeefc195272617ee26b55f5236b6f0a3d21f72e2b0ee5f9f15"
dependencies = [
 "lazy_static",
 "libc",
]

[[package]]
name = "shell32-sys"
version = "0.1.1"
source = "registry+https://github.com/rust-lang/crates.io-index"
checksum = "72f20b8f3c060374edb8046591ba28f62448c369ccbdc7b02075103fb3a9e38d"
dependencies = [
 "winapi",
 "winapi-build",
]

[[package]]
name = "tempdir"
version = "0.3.4"
source = "registry+https://github.com/rust-lang/crates.io-index"
checksum = "0b62933a3f96cd559700662c34f8bab881d9e3540289fb4f368419c7f13a5aa9"
dependencies = [
 "rand",
]

[[package]]
name = "user32-sys"
version = "0.1.2"
source = "registry+https://github.com/rust-lang/crates.io-index"
checksum = "6717129de5ac253f5642fc78a51d0c7de6f9f53d617fc94e9bae7f6e71cf5504"
dependencies = [
 "winapi",
 "winapi-build",
]

[[package]]
name = "vecmath"
version = "0.1.1"
source = "registry+https://github.com/rust-lang/crates.io-index"
checksum = "a0699679bf3538e53e77dd57d895d84f3132a0d363b43f4a40825883dc77caa3"
dependencies = [
 "piston-float",
]

[[package]]
name = "wayland-client"
version = "0.2.0"
source = "registry+https://github.com/rust-lang/crates.io-index"
checksum = "acb0670516a205bb3960984abc82fc50937ee51a3f78fccdbfd994707cca8469"
dependencies = [
 "bitflags 0.1.1",
 "lazy_static",
 "libc",
]

[[package]]
name = "wayland-kbd"
version = "0.2.0"
source = "registry+https://github.com/rust-lang/crates.io-index"
checksum = "a9970324f31794c12e460594efdd3d0a938456c3e2416168833a136c9dc4bdd8"
dependencies = [
 "bitflags 0.1.1",
 "lazy_static",
 "libc",
 "mmap",
 "wayland-client",
]

[[package]]
name = "winapi"
version = "0.2.1"
source = "registry+https://github.com/rust-lang/crates.io-index"
checksum = "162d9cdc599393629f82bcafd057f0f61b0c8b12f841c6b6f7f929165598ab64"

[[package]]
name = "winapi-build"
version = "0.1.1"
source = "registry+https://github.com/rust-lang/crates.io-index"
checksum = "2d315eee3b34aca4797b2da6b13ed88266e6d612562a0c46390af8299fc699bc"

[[package]]
name = "x11-dl"
version = "2.0.1"
source = "registry+https://github.com/rust-lang/crates.io-index"
checksum = "095e3aefb6c232f2ca839b1cd4091a92c068028212ffb7d876b4fc31ebf794c7"
dependencies = [
 "dylib",
 "libc",
]

[[package]]
name = "xml-rs"
version = "0.8.14"
source = "registry+https://github.com/rust-lang/crates.io-index"
checksum = "52839dc911083a8ef63efa4d039d1f58b5e409f923e44c80828f206f66e5541c"
